
Microsoft Visual Studio Solution File, Format Version 12.00
# Visual Studio Version 17
VisualStudioVersion = 17.0.32112.339
MinimumVisualStudioVersion = 10.0.40219.1
Project("{FAE04EC0-301F-11D3-BF4B-00C04F79EFBC}") = "WPF01", "WPF01\WPF01.csproj", "{BABA14F3-FEB8-408F-8F40-072585005979}"
EndProject
Project("{FAE04EC0-301F-11D3-BF4B-00C04F79EFBC}") = "WPF02", "WPF02\WPF02.csproj", "{25607158-8ED7-4314-8C03-B584D563F051}"
EndProject
Global
	GlobalSection(SolutionConfigurationPlatforms) = preSolution
		Debug|Any CPU = Debug|Any CPU
		Release|Any CPU = Release|Any CPU
	EndGlobalSection
	GlobalSection(ProjectConfigurationPlatforms) = postSolution
		{BABA14F3-FEB8-408F-8F40-072585005979}.Debug|Any CPU.ActiveCfg = Debug|Any CPU
		{BABA14F3-FEB8-408F-8F40-072585005979}.Debug|Any CPU.Build.0 = Debug|Any CPU
		{BABA14F3-FEB8-408F-8F40-072585005979}.Release|Any CPU.ActiveCfg = Release|Any CPU
		{BABA14F3-FEB8-408F-8F40-072585005979}.Release|Any CPU.Build.0 = Release|Any CPU
		{25607158-8ED7-4314-8C03-B584D563F051}.Debug|Any CPU.ActiveCfg = Debug|Any CPU
		{25607158-8ED7-4314-8C03-B584D563F051}.Debug|Any CPU.Build.0 = Debug|Any CPU
		{25607158-8ED7-4314-8C03-B584D563F051}.Release|Any CPU.ActiveCfg = Release|Any CPU
		{25607158-8ED7-4314-8C03-B584D563F051}.Release|Any CPU.Build.0 = Release|Any CPU
	EndGlobalSection
	GlobalSection(SolutionProperties) = preSolution
		HideSolutionNode = FALSE
	EndGlobalSection
	GlobalSection(ExtensibilityGlobals) = postSolution
		SolutionGuid = {A724F6A2-23C8-4056-8B94-6E7DA26F6683}
	EndGlobalSection
EndGlobal
